{
  "name": "leetimo",
  "version": "1.0.0",
  "lockfileVersion": 1,
  "requires": true,
  "dependencies": {
    "pdfobject": {
      "version": "2.1.1",
      "resolved": "https://registry.npmjs.org/pdfobject/-/pdfobject-2.1.1.tgz",
      "integrity": "sha512-QFktTHyjs4q/WhGFfV2RdAbscPdNkyQb/JfFz18cwILvs9ocDiYVFAEh/jgkKGv6my+r4nlbLjwj7BHFKAupHQ=="
    }
  }
}
